// !$*UTF8*$!
{
	archiveVersion = 1;
	classes = {
	};
	objectVersion = 51;
	objects = {

/* Begin PBXBuildFile section */
		21A39A568FE89360E4B611A3 /* Pods_ToBetOrNot.framework in Frameworks */ = {isa = PBXBuildFile; fileRef = 64DB2BD2FACB1A95F4214730 /* Pods_ToBetOrNot.framework */; };
		2DC6E0CE7411B75FCB048809 /* Pods_ToBetOrNotUITests.framework in Frameworks */ = {isa = PBXBuildFile; fileRef = 221D550EDD161C786FC803B3 /* Pods_ToBetOrNotUITests.framework */; };
		33310C049394B1A0AB4AE9E8 /* Pods_ToBetOrNotTests.framework in Frameworks */ = {isa = PBXBuildFile; fileRef = 51BEB4F6B3516C339C2F2E7A /* Pods_ToBetOrNotTests.framework */; };
		A49C6FE822DDFF3600AB8858 /* AppDelegate.swift in Sources */ = {isa = PBXBuildFile; fileRef = A49C6FE722DDFF3600AB8858 /* AppDelegate.swift */; };
		A49C6FEA22DDFF3600AB8858 /* LogInViewController.swift in Sources */ = {isa = PBXBuildFile; fileRef = A49C6FE922DDFF3600AB8858 /* LogInViewController.swift */; };
		A49C6FED22DDFF3600AB8858 /* Main.storyboard in Resources */ = {isa = PBXBuildFile; fileRef = A49C6FEB22DDFF3600AB8858 /* Main.storyboard */; };
		A49C6FF022DDFF3600AB8858 /* ToBetOrNot.xcdatamodeld in Sources */ = {isa = PBXBuildFile; fileRef = A49C6FEE22DDFF3600AB8858 /* ToBetOrNot.xcdatamodeld */; };
		A49C6FF222DDFF3800AB8858 /* Assets.xcassets in Resources */ = {isa = PBXBuildFile; fileRef = A49C6FF122DDFF3800AB8858 /* Assets.xcassets */; };
		A49C6FF522DDFF3800AB8858 /* LaunchScreen.storyboard in Resources */ = {isa = PBXBuildFile; fileRef = A49C6FF322DDFF3800AB8858 /* LaunchScreen.storyboard */; };
		A49C700022DDFF3800AB8858 /* ToBetOrNotTests.swift in Sources */ = {isa = PBXBuildFile; fileRef = A49C6FFF22DDFF3800AB8858 /* ToBetOrNotTests.swift */; };
		A49C700B22DDFF3800AB8858 /* ToBetOrNotUITests.swift in Sources */ = {isa = PBXBuildFile; fileRef = A49C700A22DDFF3800AB8858 /* ToBetOrNotUITests.swift */; };
		A49C701922DE003500AB8858 /* GoogleService-Info.plist in Resources */ = {isa = PBXBuildFile; fileRef = A49C701822DE003500AB8858 /* GoogleService-Info.plist */; };
		A49C701D22DEF90800AB8858 /* SignUpViewController.swift in Sources */ = {isa = PBXBuildFile; fileRef = A49C701C22DEF90800AB8858 /* SignUpViewController.swift */; };
		A49C701F22DEF91B00AB8858 /* ConfirmViewController.swift in Sources */ = {isa = PBXBuildFile; fileRef = A49C701E22DEF91B00AB8858 /* ConfirmViewController.swift */; };
		A49C702122DEF92D00AB8858 /* ChangedataViewController.swift in Sources */ = {isa = PBXBuildFile; fileRef = A49C702022DEF92D00AB8858 /* ChangedataViewController.swift */; };
		A49C702522E205EA00AB8858 /* FriendInviteViewController.swift in Sources */ = {isa = PBXBuildFile; fileRef = A49C702422E205EA00AB8858 /* FriendInviteViewController.swift */; };
		A49C702922E209FD00AB8858 /* InviteTableViewCell.swift in Sources */ = {isa = PBXBuildFile; fileRef = A49C702822E209FD00AB8858 /* InviteTableViewCell.swift */; };
		A49C702B22E2FFC500AB8858 /* FriendTabViewController.swift in Sources */ = {isa = PBXBuildFile; fileRef = A49C702A22E2FFC500AB8858 /* FriendTabViewController.swift */; };
		A49C702D22E305FA00AB8858 /* FriendListViewController.swift in Sources */ = {isa = PBXBuildFile; fileRef = A49C702C22E305FA00AB8858 /* FriendListViewController.swift */; };
		A49C702F22E3089600AB8858 /* FriendTableView.swift in Sources */ = {isa = PBXBuildFile; fileRef = A49C702E22E3089600AB8858 /* FriendTableView.swift */; };
/* End PBXBuildFile section */

/* Begin PBXContainerItemProxy section */
		A49C6FFC22DDFF3800AB8858 /* PBXContainerItemProxy */ = {
			isa = PBXContainerItemProxy;
			containerPortal = A49C6FDC22DDFF3600AB8858 /* Project object */;
			proxyType = 1;
			remoteGlobalIDString = A49C6FE322DDFF3600AB8858;
			remoteInfo = ToBetOrNot;
		};
		A49C700722DDFF3800AB8858 /* PBXContainerItemProxy */ = {
			isa = PBXContainerItemProxy;
			containerPortal = A49C6FDC22DDFF3600AB8858 /* Project object */;
			proxyType = 1;
			remoteGlobalIDString = A49C6FE322DDFF3600AB8858;
			remoteInfo = ToBetOrNot;
		};
/* End PBXContainerItemProxy section */

/* Begin PBXFileReference section */
		1C52739F01F10E151C742216 /* Pods-ToBetOrNotUITests.debug.xcconfig */ = {isa = PBXFileReference; includeInIndex = 1; lastKnownFileType = text.xcconfig; name = "Pods-ToBetOrNotUITests.debug.xcconfig"; path = "Target Support Files/Pods-ToBetOrNotUITests/Pods-ToBetOrNotUITests.debug.xcconfig"; sourceTree = "<group>"; };
		221D550EDD161C786FC803B3 /* Pods_ToBetOrNotUITests.framework */ = {isa = PBXFileReference; explicitFileType = wrapper.framework; includeInIndex = 0; path = Pods_ToBetOrNotUITests.framework; sourceTree = BUILT_PRODUCTS_DIR; };
		51BEB4F6B3516C339C2F2E7A /* Pods_ToBetOrNotTests.framework */ = {isa = PBXFileReference; explicitFileType = wrapper.framework; includeInIndex = 0; path = Pods_ToBetOrNotTests.framework; sourceTree = BUILT_PRODUCTS_DIR; };
		5294B51556EFB440EAFAEBAF /* Pods-ToBetOrNot.release.xcconfig */ = {isa = PBXFileReference; includeInIndex = 1; lastKnownFileType = text.xcconfig; name = "Pods-ToBetOrNot.release.xcconfig"; path = "Target Support Files/Pods-ToBetOrNot/Pods-ToBetOrNot.release.xcconfig"; sourceTree = "<group>"; };
		64DB2BD2FACB1A95F4214730 /* Pods_ToBetOrNot.framework */ = {isa = PBXFileReference; explicitFileType = wrapper.framework; includeInIndex = 0; path = Pods_ToBetOrNot.framework; sourceTree = BUILT_PRODUCTS_DIR; };
		80D42E3816E3EB3AB26ADABF /* Pods-ToBetOrNotTests.debug.xcconfig */ = {isa = PBXFileReference; includeInIndex = 1; lastKnownFileType = text.xcconfig; name = "Pods-ToBetOrNotTests.debug.xcconfig"; path = "Target Support Files/Pods-ToBetOrNotTests/Pods-ToBetOrNotTests.debug.xcconfig"; sourceTree = "<group>"; };
		A1C8EB2D5968ACC2BA6FBDF0 /* Pods-ToBetOrNotUITests.release.xcconfig */ = {isa = PBXFileReference; includeInIndex = 1; lastKnownFileType = text.xcconfig; name = "Pods-ToBetOrNotUITests.release.xcconfig"; path = "Target Support Files/Pods-ToBetOrNotUITests/Pods-ToBetOrNotUITests.release.xcconfig"; sourceTree = "<group>"; };
		A49C6FE422DDFF3600AB8858 /* ToBetOrNot.app */ = {isa = PBXFileReference; explicitFileType = wrapper.application; includeInIndex = 0; path = ToBetOrNot.app; sourceTree = BUILT_PRODUCTS_DIR; };
		A49C6FE722DDFF3600AB8858 /* AppDelegate.swift */ = {isa = PBXFileReference; lastKnownFileType = sourcecode.swift; path = AppDelegate.swift; sourceTree = "<group>"; };
		A49C6FE922DDFF3600AB8858 /* LogInViewController.swift */ = {isa = PBXFileReference; lastKnownFileType = sourcecode.swift; path = LogInViewController.swift; sourceTree = "<group>"; };
		A49C6FEC22DDFF3600AB8858 /* Base */ = {isa = PBXFileReference; lastKnownFileType = file.storyboard; name = Base; path = Base.lproj/Main.storyboard; sourceTree = "<group>"; };
		A49C6FEF22DDFF3600AB8858 /* ToBetOrNot.xcdatamodel */ = {isa = PBXFileReference; lastKnownFileType = wrapper.xcdatamodel; path = ToBetOrNot.xcdatamodel; sourceTree = "<group>"; };
		A49C6FF122DDFF3800AB8858 /* Assets.xcassets */ = {isa = PBXFileReference; lastKnownFileType = folder.assetcatalog; path = Assets.xcassets; sourceTree = "<group>"; };
		A49C6FF422DDFF3800AB8858 /* Base */ = {isa = PBXFileReference; lastKnownFileType = file.storyboard; name = Base; path = Base.lproj/LaunchScreen.storyboard; sourceTree = "<group>"; };
		A49C6FF622DDFF3800AB8858 /* Info.plist */ = {isa = PBXFileReference; lastKnownFileType = text.plist.xml; path = Info.plist; sourceTree = "<group>"; };
		A49C6FFB22DDFF3800AB8858 /* ToBetOrNotTests.xctest */ = {isa = PBXFileReference; explicitFileType = wrapper.cfbundle; includeInIndex = 0; path = ToBetOrNotTests.xctest; sourceTree = BUILT_PRODUCTS_DIR; };
		A49C6FFF22DDFF3800AB8858 /* ToBetOrNotTests.swift */ = {isa = PBXFileReference; lastKnownFileType = sourcecode.swift; path = ToBetOrNotTests.swift; sourceTree = "<group>"; };
		A49C700122DDFF3800AB8858 /* Info.plist */ = {isa = PBXFileReference; lastKnownFileType = text.plist.xml; path = Info.plist; sourceTree = "<group>"; };
		A49C700622DDFF3800AB8858 /* ToBetOrNotUITests.xctest */ = {isa = PBXFileReference; explicitFileType = wrapper.cfbundle; includeInIndex = 0; path = ToBetOrNotUITests.xctest; sourceTree = BUILT_PRODUCTS_DIR; };
		A49C700A22DDFF3800AB8858 /* ToBetOrNotUITests.swift */ = {isa = PBXFileReference; lastKnownFileType = sourcecode.swift; path = ToBetOrNotUITests.swift; sourceTree = "<group>"; };
		A49C700C22DDFF3800AB8858 /* Info.plist */ = {isa = PBXFileReference; lastKnownFileType = text.plist.xml; path = Info.plist; sourceTree = "<group>"; };
		A49C701822DE003500AB8858 /* GoogleService-Info.plist */ = {isa = PBXFileReference; fileEncoding = 4; lastKnownFileType = text.plist.xml; path = "GoogleService-Info.plist"; sourceTree = "<group>"; };
		A49C701C22DEF90800AB8858 /* SignUpViewController.swift */ = {isa = PBXFileReference; lastKnownFileType = sourcecode.swift; path = SignUpViewController.swift; sourceTree = "<group>"; };
		A49C701E22DEF91B00AB8858 /* ConfirmViewController.swift */ = {isa = PBXFileReference; lastKnownFileType = sourcecode.swift; path = ConfirmViewController.swift; sourceTree = "<group>"; };
		A49C702022DEF92D00AB8858 /* ChangedataViewController.swift */ = {isa = PBXFileReference; lastKnownFileType = sourcecode.swift; path = ChangedataViewController.swift; sourceTree = "<group>"; };
		A49C702422E205EA00AB8858 /* FriendInviteViewController.swift */ = {isa = PBXFileReference; lastKnownFileType = sourcecode.swift; path = FriendInviteViewController.swift; sourceTree = "<group>"; };
		A49C702822E209FD00AB8858 /* InviteTableViewCell.swift */ = {isa = PBXFileReference; lastKnownFileType = sourcecode.swift; path = InviteTableViewCell.swift; sourceTree = "<group>"; };
		A49C702A22E2FFC500AB8858 /* FriendTabViewController.swift */ = {isa = PBXFileReference; lastKnownFileType = sourcecode.swift; name = FriendTabViewController.swift; path = ToBetOrNot/FriendTabViewController.swift; sourceTree = SOURCE_ROOT; };
		A49C702C22E305FA00AB8858 /* FriendListViewController.swift */ = {isa = PBXFileReference; lastKnownFileType = sourcecode.swift; path = FriendListViewController.swift; sourceTree = "<group>"; };
		A49C702E22E3089600AB8858 /* FriendTableView.swift */ = {isa = PBXFileReference; lastKnownFileType = sourcecode.swift; path = FriendTableView.swift; sourceTree = "<group>"; };
		B69280238DD2C5418DAFB20E /* Pods-ToBetOrNot.debug.xcconfig */ = {isa = PBXFileReference; includeInIndex = 1; lastKnownFileType = text.xcconfig; name = "Pods-ToBetOrNot.debug.xcconfig"; path = "Target Support Files/Pods-ToBetOrNot/Pods-ToBetOrNot.debug.xcconfig"; sourceTree = "<group>"; };
		CAA3CEBE471CF5E6EF261B68 /* Pods-ToBetOrNotTests.release.xcconfig */ = {isa = PBXFileReference; includeInIndex = 1; lastKnownFileType = text.xcconfig; name = "Pods-ToBetOrNotTests.release.xcconfig"; path = "Target Support Files/Pods-ToBetOrNotTests/Pods-ToBetOrNotTests.release.xcconfig"; sourceTree = "<group>"; };
/* End PBXFileReference section */

/* Begin PBXFrameworksBuildPhase section */
		A49C6FE122DDFF3600AB8858 /* Frameworks */ = {
			isa = PBXFrameworksBuildPhase;
			buildActionMask = 2147483647;
			files = (
				21A39A568FE89360E4B611A3 /* Pods_ToBetOrNot.framework in Frameworks */,
			);
			runOnlyForDeploymentPostprocessing = 0;
		};
		A49C6FF822DDFF3800AB8858 /* Frameworks */ = {
			isa = PBXFrameworksBuildPhase;
			buildActionMask = 2147483647;
			files = (
				33310C049394B1A0AB4AE9E8 /* Pods_ToBetOrNotTests.framework in Frameworks */,
			);
			runOnlyForDeploymentPostprocessing = 0;
		};
		A49C700322DDFF3800AB8858 /* Frameworks */ = {
			isa = PBXFrameworksBuildPhase;
			buildActionMask = 2147483647;
			files = (
				2DC6E0CE7411B75FCB048809 /* Pods_ToBetOrNotUITests.framework in Frameworks */,
			);
			runOnlyForDeploymentPostprocessing = 0;
		};
/* End PBXFrameworksBuildPhase section */

/* Begin PBXGroup section */
		70DF459671A1EC67D79805AE /* Pods */ = {
			isa = PBXGroup;
			children = (
				B69280238DD2C5418DAFB20E /* Pods-ToBetOrNot.debug.xcconfig */,
				5294B51556EFB440EAFAEBAF /* Pods-ToBetOrNot.release.xcconfig */,
				80D42E3816E3EB3AB26ADABF /* Pods-ToBetOrNotTests.debug.xcconfig */,
				CAA3CEBE471CF5E6EF261B68 /* Pods-ToBetOrNotTests.release.xcconfig */,
				1C52739F01F10E151C742216 /* Pods-ToBetOrNotUITests.debug.xcconfig */,
				A1C8EB2D5968ACC2BA6FBDF0 /* Pods-ToBetOrNotUITests.release.xcconfig */,
			);
			path = Pods;
			sourceTree = "<group>";
		};
		A49C6FDB22DDFF3600AB8858 = {
			isa = PBXGroup;
			children = (
				A49C6FE622DDFF3600AB8858 /* ToBetOrNot */,
				A49C6FFE22DDFF3800AB8858 /* ToBetOrNotTests */,
				A49C700922DDFF3800AB8858 /* ToBetOrNotUITests */,
				A49C6FE522DDFF3600AB8858 /* Products */,
				70DF459671A1EC67D79805AE /* Pods */,
				C0F3516069A973E9F2F66578 /* Frameworks */,
			);
			sourceTree = "<group>";
		};
		A49C6FE522DDFF3600AB8858 /* Products */ = {
			isa = PBXGroup;
			children = (
				A49C6FE422DDFF3600AB8858 /* ToBetOrNot.app */,
				A49C6FFB22DDFF3800AB8858 /* ToBetOrNotTests.xctest */,
				A49C700622DDFF3800AB8858 /* ToBetOrNotUITests.xctest */,
			);
			name = Products;
			sourceTree = "<group>";
		};
		A49C6FE622DDFF3600AB8858 /* ToBetOrNot */ = {
			isa = PBXGroup;
			children = (
				A49C702722E209DC00AB8858 /* View */,
				A49C6FE722DDFF3600AB8858 /* AppDelegate.swift */,
				A49C6FE922DDFF3600AB8858 /* LogInViewController.swift */,
				A49C701C22DEF90800AB8858 /* SignUpViewController.swift */,
				A49C701E22DEF91B00AB8858 /* ConfirmViewController.swift */,
				A49C702022DEF92D00AB8858 /* ChangedataViewController.swift */,
				A49C702A22E2FFC500AB8858 /* FriendTabViewController.swift */,
				A49C702422E205EA00AB8858 /* FriendInviteViewController.swift */,
				A49C702C22E305FA00AB8858 /* FriendListViewController.swift */,
				A49C6FEB22DDFF3600AB8858 /* Main.storyboard */,
				A49C6FF122DDFF3800AB8858 /* Assets.xcassets */,
				A49C6FF322DDFF3800AB8858 /* LaunchScreen.storyboard */,
				A49C6FF622DDFF3800AB8858 /* Info.plist */,
				A49C6FEE22DDFF3600AB8858 /* ToBetOrNot.xcdatamodeld */,
				A49C701822DE003500AB8858 /* GoogleService-Info.plist */,
			);
			path = ToBetOrNot;
			sourceTree = "<group>";
		};
		A49C6FFE22DDFF3800AB8858 /* ToBetOrNotTests */ = {
			isa = PBXGroup;
			children = (
				A49C6FFF22DDFF3800AB8858 /* ToBetOrNotTests.swift */,
				A49C700122DDFF3800AB8858 /* Info.plist */,
			);
			path = ToBetOrNotTests;
			sourceTree = "<group>";
		};
		A49C700922DDFF3800AB8858 /* ToBetOrNotUITests */ = {
			isa = PBXGroup;
			children = (
				A49C700A22DDFF3800AB8858 /* ToBetOrNotUITests.swift */,
				A49C700C22DDFF3800AB8858 /* Info.plist */,
			);
			path = ToBetOrNotUITests;
			sourceTree = "<group>";
		};
		A49C702722E209DC00AB8858 /* View */ = {
			isa = PBXGroup;
			children = (
				A49C702822E209FD00AB8858 /* InviteTableViewCell.swift */,
				A49C702E22E3089600AB8858 /* FriendTableView.swift */,
			);
			path = View;
			sourceTree = "<group>";
		};
		C0F3516069A973E9F2F66578 /* Frameworks */ = {
			isa = PBXGroup;
			children = (
				64DB2BD2FACB1A95F4214730 /* Pods_ToBetOrNot.framework */,
				51BEB4F6B3516C339C2F2E7A /* Pods_ToBetOrNotTests.framework */,
				221D550EDD161C786FC803B3 /* Pods_ToBetOrNotUITests.framework */,
			);
			name = Frameworks;
			sourceTree = "<group>";
		};
/* End PBXGroup section */

/* Begin PBXNativeTarget section */
		A49C6FE322DDFF3600AB8858 /* ToBetOrNot */ = {
			isa = PBXNativeTarget;
			buildConfigurationList = A49C700F22DDFF3800AB8858 /* Build configuration list for PBXNativeTarget "ToBetOrNot" */;
			buildPhases = (
				E90CB5C5A55D58E1DAB75803 /* [CP] Check Pods Manifest.lock */,
				A49C6FE022DDFF3600AB8858 /* Sources */,
				A49C6FE122DDFF3600AB8858 /* Frameworks */,
				A49C6FE222DDFF3600AB8858 /* Resources */,
				2A42DF9E331DFEF7F23B1EC0 /* [CP] Embed Pods Frameworks */,
			);
			buildRules = (
			);
			dependencies = (
			);
			name = ToBetOrNot;
			productName = ToBetOrNot;
			productReference = A49C6FE422DDFF3600AB8858 /* ToBetOrNot.app */;
			productType = "com.apple.product-type.application";
		};
		A49C6FFA22DDFF3800AB8858 /* ToBetOrNotTests */ = {
			isa = PBXNativeTarget;
			buildConfigurationList = A49C701222DDFF3800AB8858 /* Build configuration list for PBXNativeTarget "ToBetOrNotTests" */;
			buildPhases = (
				8AEBDF7DE7CA776F6D90B6B1 /* [CP] Check Pods Manifest.lock */,
				A49C6FF722DDFF3800AB8858 /* Sources */,
				A49C6FF822DDFF3800AB8858 /* Frameworks */,
				A49C6FF922DDFF3800AB8858 /* Resources */,
			);
			buildRules = (
			);
			dependencies = (
				A49C6FFD22DDFF3800AB8858 /* PBXTargetDependency */,
			);
			name = ToBetOrNotTests;
			productName = ToBetOrNotTests;
			productReference = A49C6FFB22DDFF3800AB8858 /* ToBetOrNotTests.xctest */;
			productType = "com.apple.product-type.bundle.unit-test";
		};
		A49C700522DDFF3800AB8858 /* ToBetOrNotUITests */ = {
			isa = PBXNativeTarget;
			buildConfigurationList = A49C701522DDFF3800AB8858 /* Build configuration list for PBXNativeTarget "ToBetOrNotUITests" */;
			buildPhases = (
				7D78055DA6E0DBF49D6821AB /* [CP] Check Pods Manifest.lock */,
				A49C700222DDFF3800AB8858 /* Sources */,
				A49C700322DDFF3800AB8858 /* Frameworks */,
				A49C700422DDFF3800AB8858 /* Resources */,
			);
			buildRules = (
			);
			dependencies = (
				A49C700822DDFF3800AB8858 /* PBXTargetDependency */,
			);
			name = ToBetOrNotUITests;
			productName = ToBetOrNotUITests;
			productReference = A49C700622DDFF3800AB8858 /* ToBetOrNotUITests.xctest */;
			productType = "com.apple.product-type.bundle.ui-testing";
		};
/* End PBXNativeTarget section */

/* Begin PBXProject section */
		A49C6FDC22DDFF3600AB8858 /* Project object */ = {
			isa = PBXProject;
			attributes = {
				LastSwiftUpdateCheck = 1020;
				LastUpgradeCheck = 1020;
				ORGANIZATIONNAME = "weiting chien";
				TargetAttributes = {
					A49C6FE322DDFF3600AB8858 = {
						CreatedOnToolsVersion = 10.2.1;
					};
					A49C6FFA22DDFF3800AB8858 = {
						CreatedOnToolsVersion = 10.2.1;
						TestTargetID = A49C6FE322DDFF3600AB8858;
					};
					A49C700522DDFF3800AB8858 = {
						CreatedOnToolsVersion = 10.2.1;
						TestTargetID = A49C6FE322DDFF3600AB8858;
					};
				};
			};
			buildConfigurationList = A49C6FDF22DDFF3600AB8858 /* Build configuration list for PBXProject "ToBetOrNot" */;
			compatibilityVersion = "Xcode 9.3";
			developmentRegion = en;
			hasScannedForEncodings = 0;
			knownRegions = (
				en,
				Base,
			);
			mainGroup = A49C6FDB22DDFF3600AB8858;
			productRefGroup = A49C6FE522DDFF3600AB8858 /* Products */;
			projectDirPath = "";
			projectRoot = "";
			targets = (
				A49C6FE322DDFF3600AB8858 /* ToBetOrNot */,
				A49C6FFA22DDFF3800AB8858 /* ToBetOrNotTests */,
				A49C700522DDFF3800AB8858 /* ToBetOrNotUITests */,
			);
		};
/* End PBXProject section */

/* Begin PBXResourcesBuildPhase section */
		A49C6FE222DDFF3600AB8858 /* Resources */ = {
			isa = PBXResourcesBuildPhase;
			buildActionMask = 2147483647;
			files = (
				A49C6FF522DDFF3800AB8858 /* LaunchScreen.storyboard in Resources */,
				A49C701922DE003500AB8858 /* GoogleService-Info.plist in Resources */,
				A49C6FF222DDFF3800AB8858 /* Assets.xcassets in Resources */,
				A49C6FED22DDFF3600AB8858 /* Main.storyboard in Resources */,
			);
			runOnlyForDeploymentPostprocessing = 0;
		};
		A49C6FF922DDFF3800AB8858 /* Resources */ = {
			isa = PBXResourcesBuildPhase;
			buildActionMask = 2147483647;
			files = (
			);
			runOnlyForDeploymentPostprocessing = 0;
		};
		A49C700422DDFF3800AB8858 /* Resources */ = {
			isa = PBXResourcesBuildPhase;
			buildActionMask = 2147483647;
			files = (
			);
			runOnlyForDeploymentPostprocessing = 0;
		};
/* End PBXResourcesBuildPhase section */

/* Begin PBXShellScriptBuildPhase section */
		2A42DF9E331DFEF7F23B1EC0 /* [CP] Embed Pods Frameworks */ = {
			isa = PBXShellScriptBuildPhase;
			buildActionMask = 2147483647;
			files = (
			);
			inputFileListPaths = (
				"${PODS_ROOT}/Target Support Files/Pods-ToBetOrNot/Pods-ToBetOrNot-frameworks-${CONFIGURATION}-input-files.xcfilelist",
			);
			name = "[CP] Embed Pods Frameworks";
			outputFileListPaths = (
				"${PODS_ROOT}/Target Support Files/Pods-ToBetOrNot/Pods-ToBetOrNot-frameworks-${CONFIGURATION}-output-files.xcfilelist",
			);
			runOnlyForDeploymentPostprocessing = 0;
			shellPath = /bin/sh;
			shellScript = "\"${PODS_ROOT}/Target Support Files/Pods-ToBetOrNot/Pods-ToBetOrNot-frameworks.sh\"\n";
			showEnvVarsInLog = 0;
		};
		7D78055DA6E0DBF49D6821AB /* [CP] Check Pods Manifest.lock */ = {
			isa = PBXShellScriptBuildPhase;
			buildActionMask = 2147483647;
			files = (
			);
			inputFileListPaths = (
			);
			inputPaths = (
				"${PODS_PODFILE_DIR_PATH}/Podfile.lock",
				"${PODS_ROOT}/Manifest.lock",
			);
			name = "[CP] Check Pods Manifest.lock";
			outputFileListPaths = (
			);
			outputPaths = (
				"$(DERIVED_FILE_DIR)/Pods-ToBetOrNotUITests-checkManifestLockResult.txt",
			);
			runOnlyForDeploymentPostprocessing = 0;
			shellPath = /bin/sh;
			shellScript = "diff \"${PODS_PODFILE_DIR_PATH}/Podfile.lock\" \"${PODS_ROOT}/Manifest.lock\" > /dev/null\nif [ $? != 0 ] ; then\n    # print error to STDERR\n    echo \"error: The sandbox is not in sync with the Podfile.lock. Run 'pod install' or update your CocoaPods installation.\" >&2\n    exit 1\nfi\n# This output is used by Xcode 'outputs' to avoid re-running this script phase.\necho \"SUCCESS\" > \"${SCRIPT_OUTPUT_FILE_0}\"\n";
			showEnvVarsInLog = 0;
		};
		8AEBDF7DE7CA776F6D90B6B1 /* [CP] Check Pods Manifest.lock */ = {
			isa = PBXShellScriptBuildPhase;
			buildActionMask = 2147483647;
			files = (
			);
			inputFileListPaths = (
			);
			inputPaths = (
				"${PODS_PODFILE_DIR_PATH}/Podfile.lock",
				"${PODS_ROOT}/Manifest.lock",
			);
			name = "[CP] Check Pods Manifest.lock";
			outputFileListPaths = (
			);
			outputPaths = (
				"$(DERIVED_FILE_DIR)/Pods-ToBetOrNotTests-checkManifestLockResult.txt",
			);
			runOnlyForDeploymentPostprocessing = 0;
			shellPath = /bin/sh;
			shellScript = "diff \"${PODS_PODFILE_DIR_PATH}/Podfile.lock\" \"${PODS_ROOT}/Manifest.lock\" > /dev/null\nif [ $? != 0 ] ; then\n    # print error to STDERR\n    echo \"error: The sandbox is not in sync with the Podfile.lock. Run 'pod install' or update your CocoaPods installation.\" >&2\n    exit 1\nfi\n# This output is used by Xcode 'outputs' to avoid re-running this script phase.\necho \"SUCCESS\" > \"${SCRIPT_OUTPUT_FILE_0}\"\n";
			showEnvVarsInLog = 0;
		};
		E90CB5C5A55D58E1DAB75803 /* [CP] Check Pods Manifest.lock */ = {
			isa = PBXShellScriptBuildPhase;
			buildActionMask = 2147483647;
			files = (
			);
			inputFileListPaths = (
			);
			inputPaths = (
				"${PODS_PODFILE_DIR_PATH}/Podfile.lock",
				"${PODS_ROOT}/Manifest.lock",
			);
			name = "[CP] Check Pods Manifest.lock";
			outputFileListPaths = (
			);
			outputPaths = (
				"$(DERIVED_FILE_DIR)/Pods-ToBetOrNot-checkManifestLockResult.txt",
			);
			runOnlyForDeploymentPostprocessing = 0;
			shellPath = /bin/sh;
			shellScript = "diff \"${PODS_PODFILE_DIR_PATH}/Podfile.lock\" \"${PODS_ROOT}/Manifest.lock\" > /dev/null\nif [ $? != 0 ] ; then\n    # print error to STDERR\n    echo \"error: The sandbox is not in sync with the Podfile.lock. Run 'pod install' or update your CocoaPods installation.\" >&2\n    exit 1\nfi\n# This output is used by Xcode 'outputs' to avoid re-running this script phase.\necho \"SUCCESS\" > \"${SCRIPT_OUTPUT_FILE_0}\"\n";
			showEnvVarsInLog = 0;
		};
/* End PBXShellScriptBuildPhase section */

/* Begin PBXSourcesBuildPhase section */
		A49C6FE022DDFF3600AB8858 /* Sources */ = {
			isa = PBXSourcesBuildPhase;
			buildActionMask = 2147483647;
			files = (
				A49C702D22E305FA00AB8858 /* FriendListViewController.swift in Sources */,
				A49C6FF022DDFF3600AB8858 /* ToBetOrNot.xcdatamodeld in Sources */,
				A49C6FEA22DDFF3600AB8858 /* LogInViewController.swift in Sources */,
				A49C702522E205EA00AB8858 /* FriendInviteViewController.swift in Sources */,
				A49C701F22DEF91B00AB8858 /* ConfirmViewController.swift in Sources */,
				A49C701D22DEF90800AB8858 /* SignUpViewController.swift in Sources */,
				A49C702F22E3089600AB8858 /* FriendTableView.swift in Sources */,
				A49C702122DEF92D00AB8858 /* ChangedataViewController.swift in Sources */,
				A49C6FE822DDFF3600AB8858 /* AppDelegate.swift in Sources */,
				A49C702922E209FD00AB8858 /* InviteTableViewCell.swift in Sources */,
				A49C702B22E2FFC500AB8858 /* FriendTabViewController.swift in Sources */,
			);
			runOnlyForDeploymentPostprocessing = 0;
		};
		A49C6FF722DDFF3800AB8858 /* Sources */ = {
			isa = PBXSourcesBuildPhase;
			buildActionMask = 2147483647;
			files = (
				A49C700022DDFF3800AB8858 /* ToBetOrNotTests.swift in Sources */,
			);
			runOnlyForDeploymentPostprocessing = 0;
		};
		A49C700222DDFF3800AB8858 /* Sources */ = {
			isa = PBXSourcesBuildPhase;
			buildActionMask = 2147483647;
			files = (
				A49C700B22DDFF3800AB8858 /* ToBetOrNotUITests.swift in Sources */,
			);
			runOnlyForDeploymentPostprocessing = 0;
		};
/* End PBXSourcesBuildPhase section */

/* Begin PBXTargetDependency section */
		A49C6FFD22DDFF3800AB8858 /* PBXTargetDependency */ = {
			isa = PBXTargetDependency;
			target = A49C6FE322DDFF3600AB8858 /* ToBetOrNot */;
			targetProxy = A49C6FFC22DDFF3800AB8858 /* PBXContainerItemProxy */;
		};
		A49C700822DDFF3800AB8858 /* PBXTargetDependency */ = {
			isa = PBXTargetDependency;
			target = A49C6FE322DDFF3600AB8858 /* ToBetOrNot */;
			targetProxy = A49C700722DDFF3800AB8858 /* PBXContainerItemProxy */;
		};
/* End PBXTargetDependency section */

/* Begin PBXVariantGroup section */
		A49C6FEB22DDFF3600AB8858 /* Main.storyboard */ = {
			isa = PBXVariantGroup;
			children = (
				A49C6FEC22DDFF3600AB8858 /* Base */,
			);
			name = Main.storyboard;
			sourceTree = "<group>";
		};
		A49C6FF322DDFF3800AB8858 /* LaunchScreen.storyboard */ = {
			isa = PBXVariantGroup;
			children = (
				A49C6FF422DDFF3800AB8858 /* Base */,
			);
			name = LaunchScreen.storyboard;
			sourceTree = "<group>";
		};
/* End PBXVariantGroup section */

/* Begin XCBuildConfiguration section */
		A49C700D22DDFF3800AB8858 /* Debug */ = {
			isa = XCBuildConfiguration;
			buildSettings = {
				ALWAYS_SEARCH_USER_PATHS = NO;
				CLANG_ANALYZER_NONNULL = YES;
				CLANG_ANALYZER_NUMBER_OBJECT_CONVERSION = YES_AGGRESSIVE;
				CLANG_CXX_LANGUAGE_STANDARD = "gnu++14";
				CLANG_CXX_LIBRARY = "libc++";
				CLANG_ENABLE_MODULES = YES;
				CLANG_ENABLE_OBJC_ARC = YES;
				CLANG_ENABLE_OBJC_WEAK = YES;
				CLANG_WARN_BLOCK_CAPTURE_AUTORELEASING = YES;
				CLANG_WARN_BOOL_CONVERSION = YES;
				CLANG_WARN_COMMA = YES;
				CLANG_WARN_CONSTANT_CONVERSION = YES;
				CLANG_WARN_DEPRECATED_OBJC_IMPLEMENTATIONS = YES;
				CLANG_WARN_DIRECT_OBJC_ISA_USAGE = YES_ERROR;
				CLANG_WARN_DOCUMENTATION_COMMENTS = YES;
				CLANG_WARN_EMPTY_BODY = YES;
				CLANG_WARN_ENUM_CONVERSION = YES;
				CLANG_WARN_INFINITE_RECURSION = YES;
				CLANG_WARN_INT_CONVERSION = YES;
				CLANG_WARN_NON_LITERAL_NULL_CONVERSION = YES;
				CLANG_WARN_OBJC_IMPLICIT_RETAIN_SELF = YES;
				CLANG_WARN_OBJC_LITERAL_CONVERSION = YES;
				CLANG_WARN_OBJC_ROOT_CLASS = YES_ERROR;
				CLANG_WARN_RANGE_LOOP_ANALYSIS = YES;
				CLANG_WARN_STRICT_PROTOTYPES = YES;
				CLANG_WARN_SUSPICIOUS_MOVE = YES;
				CLANG_WARN_UNGUARDED_AVAILABILITY = YES_AGGRESSIVE;
				CLANG_WARN_UNREACHABLE_CODE = YES;
				CLANG_WARN__DUPLICATE_METHOD_MATCH = YES;
				CODE_SIGN_IDENTITY = "iPhone Developer";
				COPY_PHASE_STRIP = NO;
				DEBUG_INFORMATION_FORMAT = dwarf;
				ENABLE_STRICT_OBJC_MSGSEND = YES;
				ENABLE_TESTABILITY = YES;
				GCC_C_LANGUAGE_STANDARD = gnu11;
				GCC_DYNAMIC_NO_PIC = NO;
				GCC_NO_COMMON_BLOCKS = YES;
				GCC_OPTIMIZATION_LEVEL = 0;
				GCC_PREPROCESSOR_DEFINITIONS = (
					"DEBUG=1",
					"$(inherited)",
				);
				GCC_WARN_64_TO_32_BIT_CONVERSION = YES;
				GCC_WARN_ABOUT_RETURN_TYPE = YES_ERROR;
				GCC_WARN_UNDECLARED_SELECTOR = YES;
				GCC_WARN_UNINITIALIZED_AUTOS = YES_AGGRESSIVE;
				GCC_WARN_UNUSED_FUNCTION = YES;
				GCC_WARN_UNUSED_VARIABLE = YES;
				IPHONEOS_DEPLOYMENT_TARGET = 12.2;
				MTL_ENABLE_DEBUG_INFO = INCLUDE_SOURCE;
				MTL_FAST_MATH = YES;
				ONLY_ACTIVE_ARCH = YES;
				SDKROOT = iphoneos;
				SWIFT_ACTIVE_COMPILATION_CONDITIONS = DEBUG;
				SWIFT_OPTIMIZATION_LEVEL = "-Onone";
			};
			name = Debug;
		};
		A49C700E22DDFF3800AB8858 /* Release */ = {
			isa = XCBuildConfiguration;
			buildSettings = {
				ALWAYS_SEARCH_USER_PATHS = NO;
				CLANG_ANALYZER_NONNULL = YES;
				CLANG_ANALYZER_NUMBER_OBJECT_CONVERSION = YES_AGGRESSIVE;
				CLANG_CXX_LANGUAGE_STANDARD = "gnu++14";
				CLANG_CXX_LIBRARY = "libc++";
				CLANG_ENABLE_MODULES = YES;
				CLANG_ENABLE_OBJC_ARC = YES;
				CLANG_ENABLE_OBJC_WEAK = YES;
				CLANG_WARN_BLOCK_CAPTURE_AUTORELEASING = YES;
				CLANG_WARN_BOOL_CONVERSION = YES;
				CLANG_WARN_COMMA = YES;
				CLANG_WARN_CONSTANT_CONVERSION = YES;
				CLANG_WARN_DEPRECATED_OBJC_IMPLEMENTATIONS = YES;
				CLANG_WARN_DIRECT_OBJC_ISA_USAGE = YES_ERROR;
				CLANG_WARN_DOCUMENTATION_COMMENTS = YES;
				CLANG_WARN_EMPTY_BODY = YES;
				CLANG_WARN_ENUM_CONVERSION = YES;
				CLANG_WARN_INFINITE_RECURSION = YES;
				CLANG_WARN_INT_CONVERSION = YES;
				CLANG_WARN_NON_LITERAL_NULL_CONVERSION = YES;
				CLANG_WARN_OBJC_IMPLICIT_RETAIN_SELF = YES;
				CLANG_WARN_OBJC_LITERAL_CONVERSION = YES;
				CLANG_WARN_OBJC_ROOT_CLASS = YES_ERROR;
				CLANG_WARN_RANGE_LOOP_ANALYSIS = YES;
				CLANG_WARN_STRICT_PROTOTYPES = YES;
				CLANG_WARN_SUSPICIOUS_MOVE = YES;
				CLANG_WARN_UNGUARDED_AVAILABILITY = YES_AGGRESSIVE;
				CLANG_WARN_UNREACHABLE_CODE = YES;
				CLANG_WARN__DUPLICATE_METHOD_MATCH = YES;
				CODE_SIGN_IDENTITY = "iPhone Developer";
				COPY_PHASE_STRIP = NO;
				DEBUG_INFORMATION_FORMAT = "dwarf-with-dsym";
				ENABLE_NS_ASSERTIONS = NO;
				ENABLE_STRICT_OBJC_MSGSEND = YES;
				GCC_C_LANGUAGE_STANDARD = gnu11;
				GCC_NO_COMMON_BLOCKS = YES;
				GCC_WARN_64_TO_32_BIT_CONVERSION = YES;
				GCC_WARN_ABOUT_RETURN_TYPE = YES_ERROR;
				GCC_WARN_UNDECLARED_SELECTOR = YES;
				GCC_WARN_UNINITIALIZED_AUTOS = YES_AGGRESSIVE;
				GCC_WARN_UNUSED_FUNCTION = YES;
				GCC_WARN_UNUSED_VARIABLE = YES;
				IPHONEOS_DEPLOYMENT_TARGET = 12.2;
				MTL_ENABLE_DEBUG_INFO = NO;
				MTL_FAST_MATH = YES;
				SDKROOT = iphoneos;
				SWIFT_COMPILATION_MODE = wholemodule;
				SWIFT_OPTIMIZATION_LEVEL = "-O";
				VALIDATE_PRODUCT = YES;
			};
			name = Release;
		};
		A49C701022DDFF3800AB8858 /* Debug */ = {
			isa = XCBuildConfiguration;
			baseConfigurationReference = B69280238DD2C5418DAFB20E /* Pods-ToBetOrNot.debug.xcconfig */;
			buildSettings = {
				ASSETCATALOG_COMPILER_APPICON_NAME = AppIcon;
				CODE_SIGN_STYLE = Automatic;
				INFOPLIST_FILE = ToBetOrNot/Info.plist;
				LD_RUNPATH_SEARCH_PATHS = (
					"$(inherited)",
					"@executable_path/Frameworks",
				);
				PRODUCT_BUNDLE_IDENTIFIER = test.ToBetOrNot;
				PRODUCT_NAME = "$(TARGET_NAME)";
				SWIFT_VERSION = 5.0;
				TARGETED_DEVICE_FAMILY = "1,2";
			};
			name = Debug;
		};
		A49C701122DDFF3800AB8858 /* Release */ = {
			isa = XCBuildConfiguration;
			baseConfigurationReference = 5294B51556EFB440EAFAEBAF /* Pods-ToBetOrNot.release.xcconfig */;
			buildSettings = {
				ASSETCATALOG_COMPILER_APPICON_NAME = AppIcon;
				CODE_SIGN_STYLE = Automatic;
				INFOPLIST_FILE = ToBetOrNot/Info.plist;
				LD_RUNPATH_SEARCH_PATHS = (
					"$(inherited)",
					"@executable_path/Frameworks",
				);
				PRODUCT_BUNDLE_IDENTIFIER = test.ToBetOrNot;
				PRODUCT_NAME = "$(TARGET_NAME)";
				SWIFT_VERSION = 5.0;
				TARGETED_DEVICE_FAMILY = "1,2";
			};
			name = Release;
		};
		A49C701322DDFF3800AB8858 /* Debug */ = {
			isa = XCBuildConfiguration;
			baseConfigurationReference = 80D42E3816E3EB3AB26ADABF /* Pods-ToBetOrNotTests.debug.xcconfig */;
			buildSettings = {
				ALWAYS_EMBED_SWIFT_STANDARD_LIBRARIES = YES;
				BUNDLE_LOADER = "$(TEST_HOST)";
				CODE_SIGN_STYLE = Automatic;
				INFOPLIST_FILE = ToBetOrNotTests/Info.plist;
				LD_RUNPATH_SEARCH_PATHS = (
					"$(inherited)",
					"@executable_path/Frameworks",
					"@loader_path/Frameworks",
				);
				PRODUCT_BUNDLE_IDENTIFIER = test.ToBetOrNotTests;
				PRODUCT_NAME = "$(TARGET_NAME)";
				SWIFT_VERSION = 5.0;
				TARGETED_DEVICE_FAMILY = "1,2";
				TEST_HOST = "$(BUILT_PRODUCTS_DIR)/ToBetOrNot.app/ToBetOrNot";
			};
			name = Debug;
		};
		A49C701422DDFF3800AB8858 /* Release */ = {
			isa = XCBuildConfiguration;
			baseConfigurationReference = CAA3CEBE471CF5E6EF261B68 /* Pods-ToBetOrNotTests.release.xcconfig */;
			buildSettings = {
				ALWAYS_EMBED_SWIFT_STANDARD_LIBRARIES = YES;
				BUNDLE_LOADER = "$(TEST_HOST)";
				CODE_SIGN_STYLE = Automatic;
				INFOPLIST_FILE = ToBetOrNotTests/Info.plist;
				LD_RUNPATH_SEARCH_PATHS = (
					"$(inherited)",
					"@executable_path/Frameworks",
					"@loader_path/Frameworks",
				);
				PRODUCT_BUNDLE_IDENTIFIER = test.ToBetOrNotTests;
				PRODUCT_NAME = "$(TARGET_NAME)";
				SWIFT_VERSION = 5.0;
				TARGETED_DEVICE_FAMILY = "1,2";
				TEST_HOST = "$(BUILT_PRODUCTS_DIR)/ToBetOrNot.app/ToBetOrNot";
			};
			name = Release;
		};
		A49C701622DDFF3800AB8858 /* Debug */ = {
			isa = XCBuildConfiguration;
			baseConfigurationReference = 1C52739F01F10E151C742216 /* Pods-ToBetOrNotUITests.debug.xcconfig */;
			buildSettings = {
				ALWAYS_EMBED_SWIFT_STANDARD_LIBRARIES = YES;
				CODE_SIGN_STYLE = Automatic;
				INFOPLIST_FILE = ToBetOrNotUITests/Info.plist;
				LD_RUNPATH_SEARCH_PATHS = (
					"$(inherited)",
					"@executable_path/Frameworks",
					"@loader_path/Frameworks",
				);
				PRODUCT_BUNDLE_IDENTIFIER = test.ToBetOrNotUITests;
				PRODUCT_NAME = "$(TARGET_NAME)";
				SWIFT_VERSION = 5.0;
				TARGETED_DEVICE_FAMILY = "1,2";
				TEST_TARGET_NAME = ToBetOrNot;
			};
			name = Debug;
		};
		A49C701722DDFF3800AB8858 /* Release */ = {
			isa = XCBuildConfiguration;
			baseConfigurationReference = A1C8EB2D5968ACC2BA6FBDF0 /* Pods-ToBetOrNotUITests.release.xcconfig */;
			buildSettings = {
				ALWAYS_EMBED_SWIFT_STANDARD_LIBRARIES = YES;
				CODE_SIGN_STYLE = Automatic;
				INFOPLIST_FILE = ToBetOrNotUITests/Info.plist;
				LD_RUNPATH_SEARCH_PATHS = (
					"$(inherited)",
					"@executable_path/Frameworks",
					"@loader_path/Frameworks",
				);
				PRODUCT_BUNDLE_IDENTIFIER = test.ToBetOrNotUITests;
				PRODUCT_NAME = "$(TARGET_NAME)";
				SWIFT_VERSION = 5.0;
				TARGETED_DEVICE_FAMILY = "1,2";
				TEST_TARGET_NAME = ToBetOrNot;
			};
			name = Release;
		};
/* End XCBuildConfiguration section */

/* Begin XCConfigurationList section */
		A49C6FDF22DDFF3600AB8858 /* Build configuration list for PBXProject "ToBetOrNot" */ = {
			isa = XCConfigurationList;
			buildConfigurations = (
				A49C700D22DDFF3800AB8858 /* Debug */,
				A49C700E22DDFF3800AB8858 /* Release */,
			);
			defaultConfigurationIsVisible = 0;
			defaultConfigurationName = Release;
		};
		A49C700F22DDFF3800AB8858 /* Build configuration list for PBXNativeTarget "ToBetOrNot" */ = {
			isa = XCConfigurationList;
			buildConfigurations = (
				A49C701022DDFF3800AB8858 /* Debug */,
				A49C701122DDFF3800AB8858 /* Release */,
			);
			defaultConfigurationIsVisible = 0;
			defaultConfigurationName = Release;
		};
		A49C701222DDFF3800AB8858 /* Build configuration list for PBXNativeTarget "ToBetOrNotTests" */ = {
			isa = XCConfigurationList;
			buildConfigurations = (
				A49C701322DDFF3800AB8858 /* Debug */,
				A49C701422DDFF3800AB8858 /* Release */,
			);
			defaultConfigurationIsVisible = 0;
			defaultConfigurationName = Release;
		};
		A49C701522DDFF3800AB8858 /* Build configuration list for PBXNativeTarget "ToBetOrNotUITests" */ = {
			isa = XCConfigurationList;
			buildConfigurations = (
				A49C701622DDFF3800AB8858 /* Debug */,
				A49C701722DDFF3800AB8858 /* Release */,
			);
			defaultConfigurationIsVisible = 0;
			defaultConfigurationName = Release;
		};
/* End XCConfigurationList section */

/* Begin XCVersionGroup section */
		A49C6FEE22DDFF3600AB8858 /* ToBetOrNot.xcdatamodeld */ = {
			isa = XCVersionGroup;
			children = (
				A49C6FEF22DDFF3600AB8858 /* ToBetOrNot.xcdatamodel */,
			);
			currentVersion = A49C6FEF22DDFF3600AB8858 /* ToBetOrNot.xcdatamodel */;
			path = ToBetOrNot.xcdatamodeld;
			sourceTree = "<group>";
			versionGroupType = wrapper.xcdatamodel;
		};
/* End XCVersionGroup section */
	};
	rootObject = A49C6FDC22DDFF3600AB8858 /* Project object */;
}
